{
  "nodes": {
    "flake-compat": {
      "flake": false,
      "locked": {
        "lastModified": 1747046372,
        "narHash": "sha256-CIVLLkVgvHYbgI2UpXvIIBJ12HWgX+fjA8Xf8PUmqCY=",
        "owner": "edolstra",
        "repo": "flake-compat",
        "rev": "9100a0f413b0c601e0533d1d94ffd501ce2e7885",
        "type": "github"
      },
      "original": {
        "owner": "edolstra",
        "repo": "flake-compat",
        "type": "github"
      }
    },
    "flake-utils": {
      "inputs": {
        "systems": "systems"
      },
      "locked": {
        "lastModified": 1731533236,
        "narHash": "sha256-l0KFg5HjrsfsO/JpG+r7fRrqm12kzFHyUHqHCVpMMbI=",
        "owner": "numtide",
        "repo": "flake-utils",
        "rev": "11707dc2f618dd54ca8739b309ec4fc024de578b",
        "type": "github"
      },
      "original": {
        "owner": "numtide",
        "repo": "flake-utils",
        "type": "github"
      }
    },
    "gitignore": {
      "inputs": {
        "nixpkgs": [
          "kzf",
          "pre-commit-hooks",
          "nixpkgs"
        ]
      },
      "locked": {
        "lastModified": 1709087332,
        "narHash": "sha256-HG2cCnktfHsKV0s4XW83gU3F57gaTljL9KNSuG6bnQs=",
        "owner": "hercules-ci",
        "repo": "gitignore.nix",
        "rev": "637db329424fd7e46cf4185293b9cc8c88c95394",
        "type": "github"
      },
      "original": {
        "owner": "hercules-ci",
        "repo": "gitignore.nix",
        "type": "github"
      }
    },
    "home-manager": {
      "inputs": {
        "nixpkgs": [
          "nixpkgs"
        ]
      },
      "locked": {
        "lastModified": 1754613544,
        "narHash": "sha256-ueR1mGX4I4DWfDRRxxMphbKDNisDeMPMusN72VV1+cc=",
        "owner": "nix-community",
        "repo": "home-manager",
        "rev": "cc2fa2331aebf9661d22bb507d362b39852ac73f",
        "type": "github"
      },
      "original": {
        "owner": "nix-community",
        "repo": "home-manager",
        "type": "github"
      }
    },
    "i3blocks-contrib": {
      "flake": false,
      "locked": {
        "lastModified": 1707384458,
        "narHash": "sha256-iY9y3zLw5rUIHZkA9YLmyTDlgzZtIYAwWgHxaCS1+PI=",
        "owner": "vivien",
        "repo": "i3blocks-contrib",
        "rev": "9d66d81da8d521941a349da26457f4965fd6fcbd",
        "type": "github"
      },
      "original": {
        "owner": "vivien",
        "repo": "i3blocks-contrib",
        "type": "github"
      }
    },
    "i3switch": {
      "flake": false,
      "locked": {
        "lastModified": 1616295750,
        "narHash": "sha256-P39capjq71iNybMfsgwEnu2tL6A0wbEjRE3o8kDNR/E=",
        "owner": "lokeshlkr",
        "repo": "i3switch",
        "rev": "a431e9e35fce2d5162954d069edef15a734a93ed",
        "type": "github"
      },
      "original": {
        "owner": "lokeshlkr",
        "repo": "i3switch",
        "type": "github"
      }
    },
    "kzf": {
      "inputs": {
        "nixpkgs": [
          "nixpkgs"
        ],
        "pre-commit-hooks": "pre-commit-hooks"
      },
      "locked": {
        "lastModified": 1754688080,
        "narHash": "sha256-U6dRXbr6e5TyqB9h8B9EgbajL4Y/BrLFCcqpQt3jK/4=",
        "owner": "Iron-E",
        "repo": "kzf",
        "rev": "afa17c5f3ba9006339e21031e5f83888bd9cb576",
        "type": "github"
      },
      "original": {
        "owner": "Iron-E",
        "repo": "kzf",
        "type": "github"
      }
    },
    "nix": {
      "locked": {
        "lastModified": 1742422364,
        "narHash": "sha256-mNqIplmEohk5jRkqYqG19GA8MbQ/D4gQSK0Mu4LvfRQ=",
        "owner": "nixos",
        "repo": "nixpkgs",
        "rev": "a84ebe20c6bc2ecbcfb000a50776219f48d134cc",
        "type": "github"
      },
      "original": {
        "owner": "nixos",
        "repo": "nixpkgs",
        "rev": "a84ebe20c6bc2ecbcfb000a50776219f48d134cc",
        "type": "github"
      }
    },
    "nixgl": {
      "inputs": {
        "flake-utils": "flake-utils",
        "nixpkgs": [
          "nixpkgs"
        ]
      },
      "locked": {
        "lastModified": 1752054764,
        "narHash": "sha256-Ob/HuUhANoDs+nvYqyTKrkcPXf4ZgXoqMTQoCK0RFgQ=",
        "owner": "nix-community",
        "repo": "nixGL",
        "rev": "a8e1ce7d49a149ed70df676785b07f63288f53c5",
        "type": "github"
      },
      "original": {
        "owner": "nix-community",
        "repo": "nixGL",
        "type": "github"
      }
    },
    "nixpkgs": {
      "locked": {
        "lastModified": 1754498491,
        "narHash": "sha256-erbiH2agUTD0Z30xcVSFcDHzkRvkRXOQ3lb887bcVrs=",
        "owner": "nixos",
        "repo": "nixpkgs",
        "rev": "c2ae88e026f9525daf89587f3cbee584b92b6134",
        "type": "github"
      },
      "original": {
        "owner": "nixos",
        "ref": "nixos-unstable",
        "repo": "nixpkgs",
        "type": "github"
      }
    },
    "pre-commit-hooks": {
      "inputs": {
        "flake-compat": "flake-compat",
        "gitignore": "gitignore",
        "nixpkgs": [
          "kzf",
          "nixpkgs"
        ]
      },
      "locked": {
        "lastModified": 1754416808,
        "narHash": "sha256-c6yg0EQ9xVESx6HGDOCMcyRSjaTpNJP10ef+6fRcofA=",
        "owner": "cachix",
        "repo": "git-hooks.nix",
        "rev": "9c52372878df6911f9afc1e2a1391f55e4dfc864",
        "type": "github"
      },
      "original": {
        "owner": "cachix",
        "repo": "git-hooks.nix",
        "type": "github"
      }
    },
    "root": {
      "inputs": {
        "home-manager": "home-manager",
        "i3blocks-contrib": "i3blocks-contrib",
        "i3switch": "i3switch",
        "kzf": "kzf",
        "nix": "nix",
        "nixgl": "nixgl",
        "nixpkgs": "nixpkgs",
        "yazi-relative-motions": "yazi-relative-motions"
      }
    },
    "systems": {
      "locked": {
        "lastModified": 1681028828,
        "narHash": "sha256-Vy1rq5AaRuLzOxct8nz4T6wlgyUR7zLU309k9mBC768=",
        "owner": "nix-systems",
        "repo": "default",
        "rev": "da67096a3b9bf56a91d16901293e51ba5b49a27e",
        "type": "github"
      },
      "original": {
        "owner": "nix-systems",
        "repo": "default",
        "type": "github"
      }
    },
    "yazi-relative-motions": {
      "flake": false,
      "locked": {
        "lastModified": 1752096605,
        "narHash": "sha256-9i6x/VxGOA3bB3FPieB7mQ1zGaMK5wnMhYqsq4CvaM4=",
        "owner": "dedukun",
        "repo": "relative-motions.yazi",
        "rev": "a603d9ea924dfc0610bcf9d3129e7cba605d4501",
        "type": "github"
      },
      "original": {
        "owner": "dedukun",
        "repo": "relative-motions.yazi",
        "type": "github"
      }
    }
  },
  "root": "root",
  "version": 7
}
